// !$*UTF8*$!
{
	archiveVersion = 1;
	classes = {
	};
	objectVersion = 77;
	objects = {

/* Begin PBXBuildFile section */
		09DEE58A96F4CE722BDCB688 /* Assets.xcassets in Resources */ = {isa = PBXBuildFile; fileRef = A5742CFDE64BD4DC95EF13C7 /* Assets.xcassets */; };
		1A655C89F3FDA74651B2CDF1 /* openapi.json in Resources */ = {isa = PBXBuildFile; fileRef = FCAE1DF3C0A07B03593A5735 /* openapi.json */; };
		1B310AFFF22D75158B7BEA4D /* CourseListView.swift in Sources */ = {isa = PBXBuildFile; fileRef = D7C5143C984B8A395BB999A3 /* CourseListView.swift */; };
		1F28D5078D77F354A732A516 /* jibunAI.storekit in Resources */ = {isa = PBXBuildFile; fileRef = 3C75FBEDDB4E9708C3E73624 /* jibunAI.storekit */; };
		20D7817F02E701887747EFA6 /* VoiceNoteView.swift in Sources */ = {isa = PBXBuildFile; fileRef = FC53C15B518094E0503F5705 /* VoiceNoteView.swift */; };
		2109487C2E503E7BDB845FB2 /* ChatView.swift in Sources */ = {isa = PBXBuildFile; fileRef = 8B4AFC2AE710078D4F0EC337 /* ChatView.swift */; };
		224B1CA359D88089047D7375 /* FirebaseAuth in Frameworks */ = {isa = PBXBuildFile; productRef = 9F3102B1568F9AB8D59E57E3 /* FirebaseAuth */; };
		227B6C6F480252092902EA93 /* APIService.swift in Sources */ = {isa = PBXBuildFile; fileRef = CB2CEE2E194965320A9EA256 /* APIService.swift */; };
		2587E5340B27FAA459AC4363 /* FirebaseCrashlytics in Frameworks */ = {isa = PBXBuildFile; productRef = 8FD63F852D27C8C3F1B1E413 /* FirebaseCrashlytics */; };
		2A2C487808E8C13D7F5DCCF8 /* KnowledgeView.swift in Sources */ = {isa = PBXBuildFile; fileRef = 23517E8AB82145F52D6B9944 /* KnowledgeView.swift */; };
		2BC46CCE41BA9CEC8401FA24 /* KeychainAccess in Frameworks */ = {isa = PBXBuildFile; productRef = 2FBF8CDC39F83B15A3165018 /* KeychainAccess */; };
		3895E3B5618C586E5DCB353D /* AppLogger.swift in Sources */ = {isa = PBXBuildFile; fileRef = 201A5B9486FBDC4A14429875 /* AppLogger.swift */; };
		395CE1027F4A690854038F80 /* TrashView.swift in Sources */ = {isa = PBXBuildFile; fileRef = 6E8A3B7777D98CF0382753BE /* TrashView.swift */; };
		3A3D83B3FA870BD3F2C2DEF1 /* Kingfisher in Frameworks */ = {isa = PBXBuildFile; productRef = 7CD1E027068112ECD4C17F19 /* Kingfisher */; };
		417089A3FA53E8E730086EB7 /* GoogleSignIn in Frameworks */ = {isa = PBXBuildFile; productRef = 6197B1A1E0DC50D8A2BE2042 /* GoogleSignIn */; };
		42C9B3E8039518A37CA74FC6 /* ReferralModels.swift in Sources */ = {isa = PBXBuildFile; fileRef = C90A16B31247FA7FB3E217F7 /* ReferralModels.swift */; };
		48524CE6112E24F67AE877A4 /* MessageBubble.swift in Sources */ = {isa = PBXBuildFile; fileRef = 5C8957972D807F7B9EAD970C /* MessageBubble.swift */; };
		4965A7F3ADB83D8EB73D340D /* APIModels.swift in Sources */ = {isa = PBXBuildFile; fileRef = BB6878FBBF6D2AE6E398AD2D /* APIModels.swift */; };
		54733AE1182EA84C8D5ADBD5 /* CourseDetailView.swift in Sources */ = {isa = PBXBuildFile; fileRef = 350E32D2850DB4C19A13E23A /* CourseDetailView.swift */; };
		56181AB1B5F2D470E58DDE79 /* FilterChip.swift in Sources */ = {isa = PBXBuildFile; fileRef = 2783391D739CB208E65284EC /* FilterChip.swift */; };
		56A67385A2C59969CE6F9C94 /* DataDocumentRow.swift in Sources */ = {isa = PBXBuildFile; fileRef = C0EDAE3AED5FA6D066802CD7 /* DataDocumentRow.swift */; };
		59BA022C12BA3CD6A2E39574 /* AppNavigation.swift in Sources */ = {isa = PBXBuildFile; fileRef = C8C4BE5CBF047AD98FAB70A6 /* AppNavigation.swift */; };
		5D2B374DE83D84790D7DC900 /* View+Paywall.swift in Sources */ = {isa = PBXBuildFile; fileRef = F4320E45884D079D8968F7AD /* View+Paywall.swift */; };
		615255E646E99103789D22DA /* AppRootView.swift in Sources */ = {isa = PBXBuildFile; fileRef = F2B897880E50A92B868A71A0 /* AppRootView.swift */; };
		64D38C0D3849C599F37708C0 /* FeedbackView.swift in Sources */ = {isa = PBXBuildFile; fileRef = 302C4658668F0CAD5669182D /* FeedbackView.swift */; };
		65CFBA5F982DC56659EF41E7 /* LoginView.swift in Sources */ = {isa = PBXBuildFile; fileRef = EB72A4B5AD1328D38EFA3443 /* LoginView.swift */; };
		6D36B09EA636AEFBEE08EAB3 /* LineSDK in Frameworks */ = {isa = PBXBuildFile; productRef = F58F00A18E6D1D8EBC7A6FE1 /* LineSDK */; };
		71306E671F2550C6D26BCBAA /* QuickActionButton.swift in Sources */ = {isa = PBXBuildFile; fileRef = 82A191D492D66AC282BEA09E /* QuickActionButton.swift */; };
		7B83347196FB09F8A5F02A75 /* Lottie in Frameworks */ = {isa = PBXBuildFile; productRef = DC3CC638BF6882F70CFBE8BF /* Lottie */; };
		7CE3AA1D126777BB76C37E0A /* jibunAI_iosApp.swift in Sources */ = {isa = PBXBuildFile; fileRef = 9C33D7DE44250832556620FF /* jibunAI_iosApp.swift */; };
		80AA19C75B46371FE4AE5999 /* RevenueCat in Frameworks */ = {isa = PBXBuildFile; productRef = 177DF69AE77BC97BEA9A4083 /* RevenueCat */; };
		83F1E829685F24DE16EE6970 /* SettingsView.swift in Sources */ = {isa = PBXBuildFile; fileRef = 18610895CC324CD3B849BA28 /* SettingsView.swift */; };
		8D6A3AF4472413894A3117AF /* ErrorView.swift in Sources */ = {isa = PBXBuildFile; fileRef = B77749E2C62E3A73DFA8D2D3 /* ErrorView.swift */; };
		9A2BC72FEF85A682B0ABE58B /* VoiceNoteViewModel.swift in Sources */ = {isa = PBXBuildFile; fileRef = D2D6245464C0B5B3959DFDDD /* VoiceNoteViewModel.swift */; };
		A501CD821474AAEEFD2B9796 /* SubscriptionViewModel.swift in Sources */ = {isa = PBXBuildFile; fileRef = 8FBC840D12C7FEA2A1CBA0A3 /* SubscriptionViewModel.swift */; };
		B0B88B728A97E2A0EB486A73 /* PressableButtonStyle.swift in Sources */ = {isa = PBXBuildFile; fileRef = FFA6E70C378E83385BC3E38D /* PressableButtonStyle.swift */; };
		B43473A85FDEB82009B300FA /* CustomButton.swift in Sources */ = {isa = PBXBuildFile; fileRef = D9B43CF83BC6D38EFDF894BC /* CustomButton.swift */; };
		BDF0E7A4772971A7A3169291 /* CriticalErrorView.swift in Sources */ = {isa = PBXBuildFile; fileRef = 38FC211063C042DB4E03B0FC /* CriticalErrorView.swift */; };
		C124E0AC5E4193B05CC45772 /* GoogleService-Info.plist in Resources */ = {isa = PBXBuildFile; fileRef = 65A3C3EB3945297CDD290449 /* GoogleService-Info.plist */; };
		C19C3D8FE11C8E8BA007D582 /* FirebaseMessaging in Frameworks */ = {isa = PBXBuildFile; productRef = 498AC8B551CFCE05CD3CAB1D /* FirebaseMessaging */; };
		C2DB6993DDA70573B25A9B1A /* EditKnowledgeView.swift in Sources */ = {isa = PBXBuildFile; fileRef = 9E12A0F123B8E526CA0739D5 /* EditKnowledgeView.swift */; };
		C45C13B2C89B204F61046168 /* CourseViewModel.swift in Sources */ = {isa = PBXBuildFile; fileRef = 7042567E8696E0D5B846EBD1 /* CourseViewModel.swift */; };
		C9F1B190C9FC1F17B433CA14 /* PaywallView.swift in Sources */ = {isa = PBXBuildFile; fileRef = 2CCAEFF0106A16253D1E456E /* PaywallView.swift */; };
		CC087D3CF39C7DF31128A819 /* LoadingView.swift in Sources */ = {isa = PBXBuildFile; fileRef = 682CEFD84804C511A2B07D10 /* LoadingView.swift */; };
		DB33D849AB67F2D351AEFAEA /* KnowledgeViewModel.swift in Sources */ = {isa = PBXBuildFile; fileRef = 641638ADAAD5983DA7277E2D /* KnowledgeViewModel.swift */; };
		E55981ABB878915E76C92281 /* SignInWithAppleCoordinator.swift in Sources */ = {isa = PBXBuildFile; fileRef = 517786F2A5BA4872F8F2D62F /* SignInWithAppleCoordinator.swift */; };
		E635304AFCCD09F0AC263764 /* GuideView.swift in Sources */ = {isa = PBXBuildFile; fileRef = 8C741714C0E778B4633D694B /* GuideView.swift */; };
		E92C280E29681C35D23E0505 /* ChatViewModel.swift in Sources */ = {isa = PBXBuildFile; fileRef = 31148BDD5AF86F2FA4D50BE5 /* ChatViewModel.swift */; };
		F012CC6E9882D70895B4106E /* LineAuthManager.swift in Sources */ = {isa = PBXBuildFile; fileRef = CC92A5A183387E83BB17673D /* LineAuthManager.swift */; };
		F193FA1FD2FC72AD53C1BF1B /* FirebaseAnalytics in Frameworks */ = {isa = PBXBuildFile; productRef = 41FB872B5966EE7A6EBDD066 /* FirebaseAnalytics */; };
		F62A3E554B4E527ADF6AC1F9 /* MainAppView.swift in Sources */ = {isa = PBXBuildFile; fileRef = 28ECCEF4BB653454A00FD846 /* MainAppView.swift */; };
		F71783BA50EF8CCF3B0BE886 /* ChatModels.swift in Sources */ = {isa = PBXBuildFile; fileRef = 4167ACAA7253BFA98742658F /* ChatModels.swift */; };
		F836322780B1F3D27B9A5E4B /* LandingPageView.swift in Sources */ = {isa = PBXBuildFile; fileRef = 11B7C8523E5D5CB8FEB928AB /* LandingPageView.swift */; };
		F88BDC68DFFFEF9137702F13 /* AuthService.swift in Sources */ = {isa = PBXBuildFile; fileRef = 3783B779213E49A7B0969C89 /* AuthService.swift */; };
		F9D32D8E6D41017E26B3ACEB /* SettingsRow.swift in Sources */ = {isa = PBXBuildFile; fileRef = 8BA399112E0EE4C42E703AD6 /* SettingsRow.swift */; };
		FAF84C05E6EAE653D9504B41 /* ViewModifiers.swift in Sources */ = {isa = PBXBuildFile; fileRef = F62473C273729A265C1A7172 /* ViewModifiers.swift */; };
		FD4757249EE8B5733BAC60A4 /* AppConfig.swift in Sources */ = {isa = PBXBuildFile; fileRef = 55E6AA42AA68D5180A437628 /* AppConfig.swift */; };
/* End PBXBuildFile section */

/* Begin PBXFileReference section */
		0C21AE2B54F5F061C95BB458 /* Release.xcconfig */ = {isa = PBXFileReference; lastKnownFileType = text.xcconfig; path = Release.xcconfig; sourceTree = "<group>"; };
		11B7C8523E5D5CB8FEB928AB /* LandingPageView.swift */ = {isa = PBXFileReference; lastKnownFileType = sourcecode.swift; path = LandingPageView.swift; sourceTree = "<group>"; };
		18610895CC324CD3B849BA28 /* SettingsView.swift */ = {isa = PBXFileReference; lastKnownFileType = sourcecode.swift; path = SettingsView.swift; sourceTree = "<group>"; };
		201A5B9486FBDC4A14429875 /* AppLogger.swift */ = {isa = PBXFileReference; lastKnownFileType = sourcecode.swift; path = AppLogger.swift; sourceTree = "<group>"; };
		23517E8AB82145F52D6B9944 /* KnowledgeView.swift */ = {isa = PBXFileReference; lastKnownFileType = sourcecode.swift; path = KnowledgeView.swift; sourceTree = "<group>"; };
		2783391D739CB208E65284EC /* FilterChip.swift */ = {isa = PBXFileReference; lastKnownFileType = sourcecode.swift; path = FilterChip.swift; sourceTree = "<group>"; };
		28ECCEF4BB653454A00FD846 /* MainAppView.swift */ = {isa = PBXFileReference; lastKnownFileType = sourcecode.swift; path = MainAppView.swift; sourceTree = "<group>"; };
		2CCAEFF0106A16253D1E456E /* PaywallView.swift */ = {isa = PBXFileReference; lastKnownFileType = sourcecode.swift; path = PaywallView.swift; sourceTree = "<group>"; };
		302C4658668F0CAD5669182D /* FeedbackView.swift */ = {isa = PBXFileReference; lastKnownFileType = sourcecode.swift; path = FeedbackView.swift; sourceTree = "<group>"; };
		31148BDD5AF86F2FA4D50BE5 /* ChatViewModel.swift */ = {isa = PBXFileReference; lastKnownFileType = sourcecode.swift; path = ChatViewModel.swift; sourceTree = "<group>"; };
		350E32D2850DB4C19A13E23A /* CourseDetailView.swift */ = {isa = PBXFileReference; lastKnownFileType = sourcecode.swift; path = CourseDetailView.swift; sourceTree = "<group>"; };
		3783B779213E49A7B0969C89 /* AuthService.swift */ = {isa = PBXFileReference; lastKnownFileType = sourcecode.swift; path = AuthService.swift; sourceTree = "<group>"; };
		38FC211063C042DB4E03B0FC /* CriticalErrorView.swift */ = {isa = PBXFileReference; lastKnownFileType = sourcecode.swift; path = CriticalErrorView.swift; sourceTree = "<group>"; };
		3A2BA513E52163F5D59F2AC0 /* jibunAI-ios.entitlements */ = {isa = PBXFileReference; lastKnownFileType = text.plist.entitlements; path = "jibunAI-ios.entitlements"; sourceTree = "<group>"; };
		3C75FBEDDB4E9708C3E73624 /* jibunAI.storekit */ = {isa = PBXFileReference; path = jibunAI.storekit; sourceTree = "<group>"; };
		4167ACAA7253BFA98742658F /* ChatModels.swift */ = {isa = PBXFileReference; lastKnownFileType = sourcecode.swift; path = ChatModels.swift; sourceTree = "<group>"; };
		517786F2A5BA4872F8F2D62F /* SignInWithAppleCoordinator.swift */ = {isa = PBXFileReference; lastKnownFileType = sourcecode.swift; path = SignInWithAppleCoordinator.swift; sourceTree = "<group>"; };
		55E6AA42AA68D5180A437628 /* AppConfig.swift */ = {isa = PBXFileReference; lastKnownFileType = sourcecode.swift; path = AppConfig.swift; sourceTree = "<group>"; };
		5C8957972D807F7B9EAD970C /* MessageBubble.swift */ = {isa = PBXFileReference; lastKnownFileType = sourcecode.swift; path = MessageBubble.swift; sourceTree = "<group>"; };
		641638ADAAD5983DA7277E2D /* KnowledgeViewModel.swift */ = {isa = PBXFileReference; lastKnownFileType = sourcecode.swift; path = KnowledgeViewModel.swift; sourceTree = "<group>"; };
		65A3C3EB3945297CDD290449 /* GoogleService-Info.plist */ = {isa = PBXFileReference; lastKnownFileType = text.plist; path = "GoogleService-Info.plist"; sourceTree = "<group>"; };
		682CEFD84804C511A2B07D10 /* LoadingView.swift */ = {isa = PBXFileReference; lastKnownFileType = sourcecode.swift; path = LoadingView.swift; sourceTree = "<group>"; };
		6D898CBDC1F8463DBE970762 /* jibunAI-ios.app */ = {isa = PBXFileReference; includeInIndex = 0; lastKnownFileType = wrapper.application; path = "jibunAI-ios.app"; sourceTree = BUILT_PRODUCTS_DIR; };
		6E8A3B7777D98CF0382753BE /* TrashView.swift */ = {isa = PBXFileReference; lastKnownFileType = sourcecode.swift; path = TrashView.swift; sourceTree = "<group>"; };
		7042567E8696E0D5B846EBD1 /* CourseViewModel.swift */ = {isa = PBXFileReference; lastKnownFileType = sourcecode.swift; path = CourseViewModel.swift; sourceTree = "<group>"; };
		82A191D492D66AC282BEA09E /* QuickActionButton.swift */ = {isa = PBXFileReference; lastKnownFileType = sourcecode.swift; path = QuickActionButton.swift; sourceTree = "<group>"; };
		8B4AFC2AE710078D4F0EC337 /* ChatView.swift */ = {isa = PBXFileReference; lastKnownFileType = sourcecode.swift; path = ChatView.swift; sourceTree = "<group>"; };
		8BA399112E0EE4C42E703AD6 /* SettingsRow.swift */ = {isa = PBXFileReference; lastKnownFileType = sourcecode.swift; path = SettingsRow.swift; sourceTree = "<group>"; };
		8C741714C0E778B4633D694B /* GuideView.swift */ = {isa = PBXFileReference; lastKnownFileType = sourcecode.swift; path = GuideView.swift; sourceTree = "<group>"; };
		8FBC840D12C7FEA2A1CBA0A3 /* SubscriptionViewModel.swift */ = {isa = PBXFileReference; lastKnownFileType = sourcecode.swift; path = SubscriptionViewModel.swift; sourceTree = "<group>"; };
		9C33D7DE44250832556620FF /* jibunAI_iosApp.swift */ = {isa = PBXFileReference; lastKnownFileType = sourcecode.swift; path = jibunAI_iosApp.swift; sourceTree = "<group>"; };
		9E12A0F123B8E526CA0739D5 /* EditKnowledgeView.swift */ = {isa = PBXFileReference; lastKnownFileType = sourcecode.swift; path = EditKnowledgeView.swift; sourceTree = "<group>"; };
		A5742CFDE64BD4DC95EF13C7 /* Assets.xcassets */ = {isa = PBXFileReference; lastKnownFileType = folder.assetcatalog; path = Assets.xcassets; sourceTree = "<group>"; };
		A6240A9A067B2965E8495128 /* Debug.xcconfig */ = {isa = PBXFileReference; lastKnownFileType = text.xcconfig; path = Debug.xcconfig; sourceTree = "<group>"; };
		B77749E2C62E3A73DFA8D2D3 /* ErrorView.swift */ = {isa = PBXFileReference; lastKnownFileType = sourcecode.swift; path = ErrorView.swift; sourceTree = "<group>"; };
		BB6878FBBF6D2AE6E398AD2D /* APIModels.swift */ = {isa = PBXFileReference; lastKnownFileType = sourcecode.swift; path = APIModels.swift; sourceTree = "<group>"; };
		C0EDAE3AED5FA6D066802CD7 /* DataDocumentRow.swift */ = {isa = PBXFileReference; lastKnownFileType = sourcecode.swift; path = DataDocumentRow.swift; sourceTree = "<group>"; };
		C8C4BE5CBF047AD98FAB70A6 /* AppNavigation.swift */ = {isa = PBXFileReference; lastKnownFileType = sourcecode.swift; path = AppNavigation.swift; sourceTree = "<group>"; };
		C90A16B31247FA7FB3E217F7 /* ReferralModels.swift */ = {isa = PBXFileReference; lastKnownFileType = sourcecode.swift; path = ReferralModels.swift; sourceTree = "<group>"; };
		CB2CEE2E194965320A9EA256 /* APIService.swift */ = {isa = PBXFileReference; lastKnownFileType = sourcecode.swift; path = APIService.swift; sourceTree = "<group>"; };
		CC92A5A183387E83BB17673D /* LineAuthManager.swift */ = {isa = PBXFileReference; lastKnownFileType = sourcecode.swift; path = LineAuthManager.swift; sourceTree = "<group>"; };
		D2D6245464C0B5B3959DFDDD /* VoiceNoteViewModel.swift */ = {isa = PBXFileReference; lastKnownFileType = sourcecode.swift; path = VoiceNoteViewModel.swift; sourceTree = "<group>"; };
		D7C5143C984B8A395BB999A3 /* CourseListView.swift */ = {isa = PBXFileReference; lastKnownFileType = sourcecode.swift; path = CourseListView.swift; sourceTree = "<group>"; };
		D9B43CF83BC6D38EFDF894BC /* CustomButton.swift */ = {isa = PBXFileReference; lastKnownFileType = sourcecode.swift; path = CustomButton.swift; sourceTree = "<group>"; };
		EB72A4B5AD1328D38EFA3443 /* LoginView.swift */ = {isa = PBXFileReference; lastKnownFileType = sourcecode.swift; path = LoginView.swift; sourceTree = "<group>"; };
		F2AE601A8F88FEF7ABB9EDEB /* Info.plist */ = {isa = PBXFileReference; lastKnownFileType = text.plist; path = Info.plist; sourceTree = "<group>"; };
		F2B897880E50A92B868A71A0 /* AppRootView.swift */ = {isa = PBXFileReference; lastKnownFileType = sourcecode.swift; path = AppRootView.swift; sourceTree = "<group>"; };
		F4320E45884D079D8968F7AD /* View+Paywall.swift */ = {isa = PBXFileReference; lastKnownFileType = sourcecode.swift; path = "View+Paywall.swift"; sourceTree = "<group>"; };
		F62473C273729A265C1A7172 /* ViewModifiers.swift */ = {isa = PBXFileReference; lastKnownFileType = sourcecode.swift; path = ViewModifiers.swift; sourceTree = "<group>"; };
		FC53C15B518094E0503F5705 /* VoiceNoteView.swift */ = {isa = PBXFileReference; lastKnownFileType = sourcecode.swift; path = VoiceNoteView.swift; sourceTree = "<group>"; };
		FCAE1DF3C0A07B03593A5735 /* openapi.json */ = {isa = PBXFileReference; lastKnownFileType = text.json; path = openapi.json; sourceTree = "<group>"; };
		FFA6E70C378E83385BC3E38D /* PressableButtonStyle.swift */ = {isa = PBXFileReference; lastKnownFileType = sourcecode.swift; path = PressableButtonStyle.swift; sourceTree = "<group>"; };
/* End PBXFileReference section */

/* Begin PBXFrameworksBuildPhase section */
		AB69C5D52D6B18577924D938 /* Frameworks */ = {
			isa = PBXFrameworksBuildPhase;
			buildActionMask = 2147483647;
			files = (
				224B1CA359D88089047D7375 /* FirebaseAuth in Frameworks */,
				F193FA1FD2FC72AD53C1BF1B /* FirebaseAnalytics in Frameworks */,
				C19C3D8FE11C8E8BA007D582 /* FirebaseMessaging in Frameworks */,
				2587E5340B27FAA459AC4363 /* FirebaseCrashlytics in Frameworks */,
				6D36B09EA636AEFBEE08EAB3 /* LineSDK in Frameworks */,
				417089A3FA53E8E730086EB7 /* GoogleSignIn in Frameworks */,
				80AA19C75B46371FE4AE5999 /* RevenueCat in Frameworks */,
				3A3D83B3FA870BD3F2C2DEF1 /* Kingfisher in Frameworks */,
				7B83347196FB09F8A5F02A75 /* Lottie in Frameworks */,
				2BC46CCE41BA9CEC8401FA24 /* KeychainAccess in Frameworks */,
			);
			runOnlyForDeploymentPostprocessing = 0;
		};
/* End PBXFrameworksBuildPhase section */

/* Begin PBXGroup section */
		0877CB9946EC8122CB6438E3 /* Resources */ = {
			isa = PBXGroup;
			children = (
				A5742CFDE64BD4DC95EF13C7 /* Assets.xcassets */,
				3C75FBEDDB4E9708C3E73624 /* jibunAI.storekit */,
				FCAE1DF3C0A07B03593A5735 /* openapi.json */,
			);
			path = Resources;
			sourceTree = "<group>";
		};
		0BBBE1416E13D48214B52F97 /* Config */ = {
			isa = PBXGroup;
			children = (
				55E6AA42AA68D5180A437628 /* AppConfig.swift */,
			);
			path = Config;
			sourceTree = "<group>";
		};
		123AE3B764592A3757954344 = {
			isa = PBXGroup;
			children = (
				C36514699CD109B85E6ADECF /* Configs */,
				A9EE1D7DCFFFBCDB4A6B5E29 /* jibunAI-ios */,
				429764A5B8485D37EEFFF74E /* Products */,
			);
			sourceTree = "<group>";
		};
		1F8AD42CA94C09A48EA74A7D /* Views */ = {
			isa = PBXGroup;
			children = (
				8C741714C0E778B4633D694B /* GuideView.swift */,
				11B7C8523E5D5CB8FEB928AB /* LandingPageView.swift */,
				28ECCEF4BB653454A00FD846 /* MainAppView.swift */,
				F4320E45884D079D8968F7AD /* View+Paywall.swift */,
			);
			path = Views;
			sourceTree = "<group>";
		};
		2E80F9289E0FF32A61F8E0AE /* Services */ = {
			isa = PBXGroup;
			children = (
				CB2CEE2E194965320A9EA256 /* APIService.swift */,
				3783B779213E49A7B0969C89 /* AuthService.swift */,
				CC92A5A183387E83BB17673D /* LineAuthManager.swift */,
				517786F2A5BA4872F8F2D62F /* SignInWithAppleCoordinator.swift */,
			);
			path = Services;
			sourceTree = "<group>";
		};
		39D519E07657A26B4901A72A /* ViewModels */ = {
			isa = PBXGroup;
			children = (
				31148BDD5AF86F2FA4D50BE5 /* ChatViewModel.swift */,
				7042567E8696E0D5B846EBD1 /* CourseViewModel.swift */,
				641638ADAAD5983DA7277E2D /* KnowledgeViewModel.swift */,
				8FBC840D12C7FEA2A1CBA0A3 /* SubscriptionViewModel.swift */,
				D2D6245464C0B5B3959DFDDD /* VoiceNoteViewModel.swift */,
			);
			path = ViewModels;
			sourceTree = "<group>";
		};
		429764A5B8485D37EEFFF74E /* Products */ = {
			isa = PBXGroup;
			children = (
				6D898CBDC1F8463DBE970762 /* jibunAI-ios.app */,
			);
			name = Products;
			sourceTree = "<group>";
		};
		5D234D5D8C558E414977A2C4 /* Views */ = {
			isa = PBXGroup;
			children = (
				8B4AFC2AE710078D4F0EC337 /* ChatView.swift */,
				350E32D2850DB4C19A13E23A /* CourseDetailView.swift */,
				D7C5143C984B8A395BB999A3 /* CourseListView.swift */,
				9E12A0F123B8E526CA0739D5 /* EditKnowledgeView.swift */,
				302C4658668F0CAD5669182D /* FeedbackView.swift */,
				23517E8AB82145F52D6B9944 /* KnowledgeView.swift */,
				EB72A4B5AD1328D38EFA3443 /* LoginView.swift */,
				2CCAEFF0106A16253D1E456E /* PaywallView.swift */,
				18610895CC324CD3B849BA28 /* SettingsView.swift */,
				6E8A3B7777D98CF0382753BE /* TrashView.swift */,
				FC53C15B518094E0503F5705 /* VoiceNoteView.swift */,
			);
			path = Views;
			sourceTree = "<group>";
		};
		5E1A8892D3848E406483834C /* Models */ = {
			isa = PBXGroup;
			children = (
				BB6878FBBF6D2AE6E398AD2D /* APIModels.swift */,
				C8C4BE5CBF047AD98FAB70A6 /* AppNavigation.swift */,
				4167ACAA7253BFA98742658F /* ChatModels.swift */,
				C90A16B31247FA7FB3E217F7 /* ReferralModels.swift */,
			);
			path = Models;
			sourceTree = "<group>";
		};
		65A61E76CE742A116C6433B2 /* Styles */ = {
			isa = PBXGroup;
			children = (
				FFA6E70C378E83385BC3E38D /* PressableButtonStyle.swift */,
			);
			path = Styles;
			sourceTree = "<group>";
		};
		8AAD4264DC457441675E5F71 /* Shared */ = {
			isa = PBXGroup;
			children = (
				C142E42E53627C87FF357D57 /* Components */,
				0BBBE1416E13D48214B52F97 /* Config */,
				5E1A8892D3848E406483834C /* Models */,
				2E80F9289E0FF32A61F8E0AE /* Services */,
				65A61E76CE742A116C6433B2 /* Styles */,
				B821D91EEDFB28EF5A56AABF /* Utilities */,
				1F8AD42CA94C09A48EA74A7D /* Views */,
			);
			path = Shared;
			sourceTree = "<group>";
		};
		95E1E377EEC336AA81A2EB7B /* App */ = {
			isa = PBXGroup;
			children = (
				F2B897880E50A92B868A71A0 /* AppRootView.swift */,
				9C33D7DE44250832556620FF /* jibunAI_iosApp.swift */,
			);
			path = App;
			sourceTree = "<group>";
		};
		A9EE1D7DCFFFBCDB4A6B5E29 /* jibunAI-ios */ = {
			isa = PBXGroup;
			children = (
				95E1E377EEC336AA81A2EB7B /* App */,
				0877CB9946EC8122CB6438E3 /* Resources */,
				8AAD4264DC457441675E5F71 /* Shared */,
				39D519E07657A26B4901A72A /* ViewModels */,
				5D234D5D8C558E414977A2C4 /* Views */,
				65A3C3EB3945297CDD290449 /* GoogleService-Info.plist */,
				F2AE601A8F88FEF7ABB9EDEB /* Info.plist */,
				3A2BA513E52163F5D59F2AC0 /* jibunAI-ios.entitlements */,
			);
			path = "jibunAI-ios";
			sourceTree = "<group>";
		};
		B821D91EEDFB28EF5A56AABF /* Utilities */ = {
			isa = PBXGroup;
			children = (
				F62473C273729A265C1A7172 /* ViewModifiers.swift */,
			);
			path = Utilities;
			sourceTree = "<group>";
		};
		C142E42E53627C87FF357D57 /* Components */ = {
			isa = PBXGroup;
			children = (
				201A5B9486FBDC4A14429875 /* AppLogger.swift */,
				38FC211063C042DB4E03B0FC /* CriticalErrorView.swift */,
				D9B43CF83BC6D38EFDF894BC /* CustomButton.swift */,
				C0EDAE3AED5FA6D066802CD7 /* DataDocumentRow.swift */,
				B77749E2C62E3A73DFA8D2D3 /* ErrorView.swift */,
				2783391D739CB208E65284EC /* FilterChip.swift */,
				682CEFD84804C511A2B07D10 /* LoadingView.swift */,
				5C8957972D807F7B9EAD970C /* MessageBubble.swift */,
				82A191D492D66AC282BEA09E /* QuickActionButton.swift */,
				8BA399112E0EE4C42E703AD6 /* SettingsRow.swift */,
			);
			path = Components;
			sourceTree = "<group>";
		};
		C36514699CD109B85E6ADECF /* Configs */ = {
			isa = PBXGroup;
			children = (
				A6240A9A067B2965E8495128 /* Debug.xcconfig */,
				0C21AE2B54F5F061C95BB458 /* Release.xcconfig */,
			);
			path = Configs;
			sourceTree = "<group>";
		};
/* End PBXGroup section */

/* Begin PBXNativeTarget section */
		F095AA8C738D88F3F7FB9B70 /* jibunAI-ios */ = {
			isa = PBXNativeTarget;
			buildConfigurationList = FA0F15FD28039B5AE0891A46 /* Build configuration list for PBXNativeTarget "jibunAI-ios" */;
			buildPhases = (
				63FDD0B1C45916CD59215E8F /* Sources */,
				B4A57EB342987B7CEBFA79CC /* Resources */,
				AB69C5D52D6B18577924D938 /* Frameworks */,
			);
			buildRules = (
			);
			dependencies = (
			);
			name = "jibunAI-ios";
			packageProductDependencies = (
				9F3102B1568F9AB8D59E57E3 /* FirebaseAuth */,
				41FB872B5966EE7A6EBDD066 /* FirebaseAnalytics */,
				498AC8B551CFCE05CD3CAB1D /* FirebaseMessaging */,
				8FD63F852D27C8C3F1B1E413 /* FirebaseCrashlytics */,
				F58F00A18E6D1D8EBC7A6FE1 /* LineSDK */,
				6197B1A1E0DC50D8A2BE2042 /* GoogleSignIn */,
				177DF69AE77BC97BEA9A4083 /* RevenueCat */,
				7CD1E027068112ECD4C17F19 /* Kingfisher */,
				DC3CC638BF6882F70CFBE8BF /* Lottie */,
				2FBF8CDC39F83B15A3165018 /* KeychainAccess */,
			);
			productName = "jibunAI-ios";
			productReference = 6D898CBDC1F8463DBE970762 /* jibunAI-ios.app */;
			productType = "com.apple.product-type.application";
		};
/* End PBXNativeTarget section */

/* Begin PBXProject section */
		BA44D569A67ECDDCD44CC857 /* Project object */ = {
			isa = PBXProject;
			attributes = {
				BuildIndependentTargetsInParallel = YES;
				LastUpgradeCheck = 1430;
				TargetAttributes = {
					F095AA8C738D88F3F7FB9B70 = {
						DevelopmentTeam = "";
					};
				};
			};
			buildConfigurationList = A601F3D23FA8DEE8ED20D3CC /* Build configuration list for PBXProject "jibunAI-ios" */;
			compatibilityVersion = "Xcode 14.0";
			developmentRegion = en;
			hasScannedForEncodings = 0;
			knownRegions = (
				Base,
				en,
			);
			mainGroup = 123AE3B764592A3757954344;
			minimizedProjectReferenceProxies = 1;
			packageReferences = (
				7DB14D3DA568B8AB37D9903D /* XCRemoteSwiftPackageReference "firebase-ios-sdk" */,
				616A3F5168AE61FB61C5CBBF /* XCRemoteSwiftPackageReference "GoogleSignIn-iOS" */,
				B75617D0AE4FDB5B0863390A /* XCRemoteSwiftPackageReference "KeychainAccess" */,
				E33C66DA7B82071DA93A1847 /* XCRemoteSwiftPackageReference "Kingfisher" */,
				C3D9C9F4AA9173B01B89E3DE /* XCRemoteSwiftPackageReference "line-sdk-ios-swift" */,
				96B71D3BEF824D2C7CE203E2 /* XCRemoteSwiftPackageReference "lottie-ios" */,
				0A3AA23A12CF4974431BA621 /* XCRemoteSwiftPackageReference "purchases-ios" */,
			);
			preferredProjectObjectVersion = 77;
			projectDirPath = "";
			projectRoot = "";
			targets = (
				F095AA8C738D88F3F7FB9B70 /* jibunAI-ios */,
			);
		};
/* End PBXProject section */

/* Begin PBXResourcesBuildPhase section */
		B4A57EB342987B7CEBFA79CC /* Resources */ = {
			isa = PBXResourcesBuildPhase;
			buildActionMask = 2147483647;
			files = (
				09DEE58A96F4CE722BDCB688 /* Assets.xcassets in Resources */,
				C124E0AC5E4193B05CC45772 /* GoogleService-Info.plist in Resources */,
				1F28D5078D77F354A732A516 /* jibunAI.storekit in Resources */,
				1A655C89F3FDA74651B2CDF1 /* openapi.json in Resources */,
			);
			runOnlyForDeploymentPostprocessing = 0;
		};
/* End PBXResourcesBuildPhase section */

/* Begin PBXSourcesBuildPhase section */
		63FDD0B1C45916CD59215E8F /* Sources */ = {
			isa = PBXSourcesBuildPhase;
			buildActionMask = 2147483647;
			files = (
				4965A7F3ADB83D8EB73D340D /* APIModels.swift in Sources */,
				227B6C6F480252092902EA93 /* APIService.swift in Sources */,
				FD4757249EE8B5733BAC60A4 /* AppConfig.swift in Sources */,
				3895E3B5618C586E5DCB353D /* AppLogger.swift in Sources */,
				59BA022C12BA3CD6A2E39574 /* AppNavigation.swift in Sources */,
				615255E646E99103789D22DA /* AppRootView.swift in Sources */,
				F88BDC68DFFFEF9137702F13 /* AuthService.swift in Sources */,
				F71783BA50EF8CCF3B0BE886 /* ChatModels.swift in Sources */,
				2109487C2E503E7BDB845FB2 /* ChatView.swift in Sources */,
				E92C280E29681C35D23E0505 /* ChatViewModel.swift in Sources */,
				54733AE1182EA84C8D5ADBD5 /* CourseDetailView.swift in Sources */,
				1B310AFFF22D75158B7BEA4D /* CourseListView.swift in Sources */,
				C45C13B2C89B204F61046168 /* CourseViewModel.swift in Sources */,
				BDF0E7A4772971A7A3169291 /* CriticalErrorView.swift in Sources */,
				B43473A85FDEB82009B300FA /* CustomButton.swift in Sources */,
				56A67385A2C59969CE6F9C94 /* DataDocumentRow.swift in Sources */,
				C2DB6993DDA70573B25A9B1A /* EditKnowledgeView.swift in Sources */,
				8D6A3AF4472413894A3117AF /* ErrorView.swift in Sources */,
				64D38C0D3849C599F37708C0 /* FeedbackView.swift in Sources */,
				56181AB1B5F2D470E58DDE79 /* FilterChip.swift in Sources */,
				E635304AFCCD09F0AC263764 /* GuideView.swift in Sources */,
				2A2C487808E8C13D7F5DCCF8 /* KnowledgeView.swift in Sources */,
				DB33D849AB67F2D351AEFAEA /* KnowledgeViewModel.swift in Sources */,
				F836322780B1F3D27B9A5E4B /* LandingPageView.swift in Sources */,
				F012CC6E9882D70895B4106E /* LineAuthManager.swift in Sources */,
				CC087D3CF39C7DF31128A819 /* LoadingView.swift in Sources */,
				65CFBA5F982DC56659EF41E7 /* LoginView.swift in Sources */,
				F62A3E554B4E527ADF6AC1F9 /* MainAppView.swift in Sources */,
				48524CE6112E24F67AE877A4 /* MessageBubble.swift in Sources */,
				C9F1B190C9FC1F17B433CA14 /* PaywallView.swift in Sources */,
				B0B88B728A97E2A0EB486A73 /* PressableButtonStyle.swift in Sources */,
				71306E671F2550C6D26BCBAA /* QuickActionButton.swift in Sources */,
				42C9B3E8039518A37CA74FC6 /* ReferralModels.swift in Sources */,
				F9D32D8E6D41017E26B3ACEB /* SettingsRow.swift in Sources */,
				83F1E829685F24DE16EE6970 /* SettingsView.swift in Sources */,
				E55981ABB878915E76C92281 /* SignInWithAppleCoordinator.swift in Sources */,
				A501CD821474AAEEFD2B9796 /* SubscriptionViewModel.swift in Sources */,
				395CE1027F4A690854038F80 /* TrashView.swift in Sources */,
				5D2B374DE83D84790D7DC900 /* View+Paywall.swift in Sources */,
				FAF84C05E6EAE653D9504B41 /* ViewModifiers.swift in Sources */,
				20D7817F02E701887747EFA6 /* VoiceNoteView.swift in Sources */,
				9A2BC72FEF85A682B0ABE58B /* VoiceNoteViewModel.swift in Sources */,
				7CE3AA1D126777BB76C37E0A /* jibunAI_iosApp.swift in Sources */,
			);
			runOnlyForDeploymentPostprocessing = 0;
		};
/* End PBXSourcesBuildPhase section */

/* Begin XCBuildConfiguration section */
		27FA861D0CC01B960CA86FB1 /* Debug */ = {
			isa = XCBuildConfiguration;
			baseConfigurationReference = A6240A9A067B2965E8495128 /* Debug.xcconfig */;
			buildSettings = {
				ALWAYS_SEARCH_USER_PATHS = NO;
				CLANG_ANALYZER_NONNULL = YES;
				CLANG_ANALYZER_NUMBER_OBJECT_CONVERSION = YES_AGGRESSIVE;
				CLANG_CXX_LANGUAGE_STANDARD = "gnu++14";
				CLANG_CXX_LIBRARY = "libc++";
				CLANG_ENABLE_MODULES = YES;
				CLANG_ENABLE_OBJC_ARC = YES;
				CLANG_ENABLE_OBJC_WEAK = YES;
				CLANG_WARN_BLOCK_CAPTURE_AUTORELEASING = YES;
				CLANG_WARN_BOOL_CONVERSION = YES;
				CLANG_WARN_COMMA = YES;
				CLANG_WARN_CONSTANT_CONVERSION = YES;
				CLANG_WARN_DEPRECATED_OBJC_IMPLEMENTATIONS = YES;
				CLANG_WARN_DIRECT_OBJC_ISA_USAGE = YES_ERROR;
				CLANG_WARN_DOCUMENTATION_COMMENTS = YES;
				CLANG_WARN_EMPTY_BODY = YES;
				CLANG_WARN_ENUM_CONVERSION = YES;
				CLANG_WARN_INFINITE_RECURSION = YES;
				CLANG_WARN_INT_CONVERSION = YES;
				CLANG_WARN_NON_LITERAL_NULL_CONVERSION = YES;
				CLANG_WARN_OBJC_IMPLICIT_RETAIN_SELF = YES;
				CLANG_WARN_OBJC_LITERAL_CONVERSION = YES;
				CLANG_WARN_OBJC_ROOT_CLASS = YES_ERROR;
				CLANG_WARN_QUOTED_INCLUDE_IN_FRAMEWORK_HEADER = YES;
				CLANG_WARN_RANGE_LOOP_ANALYSIS = YES;
				CLANG_WARN_STRICT_PROTOTYPES = YES;
				CLANG_WARN_SUSPICIOUS_MOVE = YES;
				CLANG_WARN_UNGUARDED_AVAILABILITY = YES_AGGRESSIVE;
				CLANG_WARN_UNREACHABLE_CODE = YES;
				CLANG_WARN__DUPLICATE_METHOD_MATCH = YES;
				COPY_PHASE_STRIP = NO;
				DEBUG_INFORMATION_FORMAT = dwarf;
				ENABLE_STRICT_OBJC_MSGSEND = YES;
				ENABLE_TESTABILITY = YES;
				GCC_C_LANGUAGE_STANDARD = gnu11;
				GCC_DYNAMIC_NO_PIC = NO;
				GCC_NO_COMMON_BLOCKS = YES;
				GCC_OPTIMIZATION_LEVEL = 0;
				GCC_PREPROCESSOR_DEFINITIONS = (
					"$(inherited)",
					"DEBUG=1",
				);
				GCC_WARN_64_TO_32_BIT_CONVERSION = YES;
				GCC_WARN_ABOUT_RETURN_TYPE = YES_ERROR;
				GCC_WARN_UNDECLARED_SELECTOR = YES;
				GCC_WARN_UNINITIALIZED_AUTOS = YES_AGGRESSIVE;
				GCC_WARN_UNUSED_FUNCTION = YES;
				GCC_WARN_UNUSED_VARIABLE = YES;
				IPHONEOS_DEPLOYMENT_TARGET = 17.0;
				MTL_ENABLE_DEBUG_INFO = INCLUDE_SOURCE;
				MTL_FAST_MATH = YES;
				ONLY_ACTIVE_ARCH = YES;
				PRODUCT_NAME = "$(TARGET_NAME)";
				SDKROOT = iphoneos;
				SWIFT_ACTIVE_COMPILATION_CONDITIONS = DEBUG;
				SWIFT_OPTIMIZATION_LEVEL = "-Onone";
				SWIFT_VERSION = 5.0;
			};
			name = Debug;
		};
		67A3EE361F3EC3AFD2B24AE2 /* Release */ = {
			isa = XCBuildConfiguration;
			buildSettings = {
				ASSETCATALOG_COMPILER_APPICON_NAME = AppIcon;
				CODE_SIGN_ENTITLEMENTS = "jibunAI-ios/jibunAI-ios.entitlements";
				CODE_SIGN_IDENTITY = "iPhone Developer";
				CURRENT_PROJECT_VERSION = 1;
				DEVELOPMENT_TEAM = "";
				ENABLE_PREVIEWS = YES;
				INFOPLIST_FILE = "jibunAI-ios/Info.plist";
				IPHONEOS_DEPLOYMENT_TARGET = 17.0;
				LD_RUNPATH_SEARCH_PATHS = (
					"$(inherited)",
					"@executable_path/Frameworks",
				);
				MARKETING_VERSION = 1.0.0;
				OTHER_LDFLAGS = "$(inherited) -ObjC";
				PRODUCT_BUNDLE_IDENTIFIER = "com.yasu.jibunAI-ios";
				SDKROOT = iphoneos;
				SWIFT_VERSION = 5.0;
				TARGETED_DEVICE_FAMILY = "1,2";
			};
			name = Release;
		};
		85C2397DE285C52C230F515D /* Release */ = {
			isa = XCBuildConfiguration;
			baseConfigurationReference = 0C21AE2B54F5F061C95BB458 /* Release.xcconfig */;
			buildSettings = {
				ALWAYS_SEARCH_USER_PATHS = NO;
				CLANG_ANALYZER_NONNULL = YES;
				CLANG_ANALYZER_NUMBER_OBJECT_CONVERSION = YES_AGGRESSIVE;
				CLANG_CXX_LANGUAGE_STANDARD = "gnu++14";
				CLANG_CXX_LIBRARY = "libc++";
				CLANG_ENABLE_MODULES = YES;
				CLANG_ENABLE_OBJC_ARC = YES;
				CLANG_ENABLE_OBJC_WEAK = YES;
				CLANG_WARN_BLOCK_CAPTURE_AUTORELEASING = YES;
				CLANG_WARN_BOOL_CONVERSION = YES;
				CLANG_WARN_COMMA = YES;
				CLANG_WARN_CONSTANT_CONVERSION = YES;
				CLANG_WARN_DEPRECATED_OBJC_IMPLEMENTATIONS = YES;
				CLANG_WARN_DIRECT_OBJC_ISA_USAGE = YES_ERROR;
				CLANG_WARN_DOCUMENTATION_COMMENTS = YES;
				CLANG_WARN_EMPTY_BODY = YES;
				CLANG_WARN_ENUM_CONVERSION = YES;
				CLANG_WARN_INFINITE_RECURSION = YES;
				CLANG_WARN_INT_CONVERSION = YES;
				CLANG_WARN_NON_LITERAL_NULL_CONVERSION = YES;
				CLANG_WARN_OBJC_IMPLICIT_RETAIN_SELF = YES;
				CLANG_WARN_OBJC_LITERAL_CONVERSION = YES;
				CLANG_WARN_OBJC_ROOT_CLASS = YES_ERROR;
				CLANG_WARN_QUOTED_INCLUDE_IN_FRAMEWORK_HEADER = YES;
				CLANG_WARN_RANGE_LOOP_ANALYSIS = YES;
				CLANG_WARN_STRICT_PROTOTYPES = YES;
				CLANG_WARN_SUSPICIOUS_MOVE = YES;
				CLANG_WARN_UNGUARDED_AVAILABILITY = YES_AGGRESSIVE;
				CLANG_WARN_UNREACHABLE_CODE = YES;
				CLANG_WARN__DUPLICATE_METHOD_MATCH = YES;
				COPY_PHASE_STRIP = NO;
				DEBUG_INFORMATION_FORMAT = "dwarf-with-dsym";
				ENABLE_NS_ASSERTIONS = NO;
				ENABLE_STRICT_OBJC_MSGSEND = YES;
				GCC_C_LANGUAGE_STANDARD = gnu11;
				GCC_NO_COMMON_BLOCKS = YES;
				GCC_WARN_64_TO_32_BIT_CONVERSION = YES;
				GCC_WARN_ABOUT_RETURN_TYPE = YES_ERROR;
				GCC_WARN_UNDECLARED_SELECTOR = YES;
				GCC_WARN_UNINITIALIZED_AUTOS = YES_AGGRESSIVE;
				GCC_WARN_UNUSED_FUNCTION = YES;
				GCC_WARN_UNUSED_VARIABLE = YES;
				IPHONEOS_DEPLOYMENT_TARGET = 17.0;
				MTL_ENABLE_DEBUG_INFO = NO;
				MTL_FAST_MATH = YES;
				PRODUCT_NAME = "$(TARGET_NAME)";
				SDKROOT = iphoneos;
				SWIFT_COMPILATION_MODE = wholemodule;
				SWIFT_OPTIMIZATION_LEVEL = "-O";
				SWIFT_VERSION = 5.0;
			};
			name = Release;
		};
		D90BBBBCB94BC064433CBDC4 /* Debug */ = {
			isa = XCBuildConfiguration;
			buildSettings = {
				ASSETCATALOG_COMPILER_APPICON_NAME = AppIcon;
				CODE_SIGN_ENTITLEMENTS = "jibunAI-ios/jibunAI-ios.entitlements";
				CODE_SIGN_IDENTITY = "iPhone Developer";
				CURRENT_PROJECT_VERSION = 1;
				DEVELOPMENT_TEAM = "";
				ENABLE_PREVIEWS = YES;
				INFOPLIST_FILE = "jibunAI-ios/Info.plist";
				IPHONEOS_DEPLOYMENT_TARGET = 17.0;
				LD_RUNPATH_SEARCH_PATHS = (
					"$(inherited)",
					"@executable_path/Frameworks",
				);
				MARKETING_VERSION = 1.0.0;
				OTHER_LDFLAGS = "$(inherited) -ObjC";
				PRODUCT_BUNDLE_IDENTIFIER = "com.yasu.jibunAI-ios";
				SDKROOT = iphoneos;
				SWIFT_VERSION = 5.0;
				TARGETED_DEVICE_FAMILY = "1,2";
			};
			name = Debug;
		};
/* End XCBuildConfiguration section */

/* Begin XCConfigurationList section */
		A601F3D23FA8DEE8ED20D3CC /* Build configuration list for PBXProject "jibunAI-ios" */ = {
			isa = XCConfigurationList;
			buildConfigurations = (
				27FA861D0CC01B960CA86FB1 /* Debug */,
				85C2397DE285C52C230F515D /* Release */,
			);
			defaultConfigurationIsVisible = 0;
			defaultConfigurationName = Debug;
		};
		FA0F15FD28039B5AE0891A46 /* Build configuration list for PBXNativeTarget "jibunAI-ios" */ = {
			isa = XCConfigurationList;
			buildConfigurations = (
				D90BBBBCB94BC064433CBDC4 /* Debug */,
				67A3EE361F3EC3AFD2B24AE2 /* Release */,
			);
			defaultConfigurationIsVisible = 0;
			defaultConfigurationName = Debug;
		};
/* End XCConfigurationList section */

/* Begin XCRemoteSwiftPackageReference section */
		0A3AA23A12CF4974431BA621 /* XCRemoteSwiftPackageReference "purchases-ios" */ = {
			isa = XCRemoteSwiftPackageReference;
			repositoryURL = "https://github.com/RevenueCat/purchases-ios";
			requirement = {
				kind = upToNextMajorVersion;
				minimumVersion = 5.0.0;
			};
		};
		616A3F5168AE61FB61C5CBBF /* XCRemoteSwiftPackageReference "GoogleSignIn-iOS" */ = {
			isa = XCRemoteSwiftPackageReference;
			repositoryURL = "https://github.com/google/GoogleSignIn-iOS";
			requirement = {
				kind = upToNextMajorVersion;
				minimumVersion = 7.0.0;
			};
		};
		7DB14D3DA568B8AB37D9903D /* XCRemoteSwiftPackageReference "firebase-ios-sdk" */ = {
			isa = XCRemoteSwiftPackageReference;
			repositoryURL = "https://github.com/firebase/firebase-ios-sdk";
			requirement = {
				kind = upToNextMajorVersion;
				minimumVersion = 10.29.0;
			};
		};
		96B71D3BEF824D2C7CE203E2 /* XCRemoteSwiftPackageReference "lottie-ios" */ = {
			isa = XCRemoteSwiftPackageReference;
			repositoryURL = "https://github.com/airbnb/lottie-ios";
			requirement = {
				kind = upToNextMajorVersion;
				minimumVersion = 4.0.0;
			};
		};
		B75617D0AE4FDB5B0863390A /* XCRemoteSwiftPackageReference "KeychainAccess" */ = {
			isa = XCRemoteSwiftPackageReference;
			repositoryURL = "https://github.com/kishikawakatsumi/KeychainAccess";
			requirement = {
				kind = upToNextMajorVersion;
				minimumVersion = 4.2.2;
			};
		};
		C3D9C9F4AA9173B01B89E3DE /* XCRemoteSwiftPackageReference "line-sdk-ios-swift" */ = {
			isa = XCRemoteSwiftPackageReference;
			repositoryURL = "https://github.com/line/line-sdk-ios-swift";
			requirement = {
				kind = upToNextMajorVersion;
				minimumVersion = 5.0.0;
			};
		};
		E33C66DA7B82071DA93A1847 /* XCRemoteSwiftPackageReference "Kingfisher" */ = {
			isa = XCRemoteSwiftPackageReference;
			repositoryURL = "https://github.com/onevcat/Kingfisher";
			requirement = {
				kind = upToNextMajorVersion;
				minimumVersion = 7.0.0;
			};
		};
/* End XCRemoteSwiftPackageReference section */

/* Begin XCSwiftPackageProductDependency section */
		177DF69AE77BC97BEA9A4083 /* RevenueCat */ = {
			isa = XCSwiftPackageProductDependency;
			package = 0A3AA23A12CF4974431BA621 /* XCRemoteSwiftPackageReference "purchases-ios" */;
			productName = RevenueCat;
		};
		2FBF8CDC39F83B15A3165018 /* KeychainAccess */ = {
			isa = XCSwiftPackageProductDependency;
			package = B75617D0AE4FDB5B0863390A /* XCRemoteSwiftPackageReference "KeychainAccess" */;
			productName = KeychainAccess;
		};
		41FB872B5966EE7A6EBDD066 /* FirebaseAnalytics */ = {
			isa = XCSwiftPackageProductDependency;
			package = 7DB14D3DA568B8AB37D9903D /* XCRemoteSwiftPackageReference "firebase-ios-sdk" */;
			productName = FirebaseAnalytics;
		};
		498AC8B551CFCE05CD3CAB1D /* FirebaseMessaging */ = {
			isa = XCSwiftPackageProductDependency;
			package = 7DB14D3DA568B8AB37D9903D /* XCRemoteSwiftPackageReference "firebase-ios-sdk" */;
			productName = FirebaseMessaging;
		};
		6197B1A1E0DC50D8A2BE2042 /* GoogleSignIn */ = {
			isa = XCSwiftPackageProductDependency;
			package = 616A3F5168AE61FB61C5CBBF /* XCRemoteSwiftPackageReference "GoogleSignIn-iOS" */;
			productName = GoogleSignIn;
		};
		7CD1E027068112ECD4C17F19 /* Kingfisher */ = {
			isa = XCSwiftPackageProductDependency;
			package = E33C66DA7B82071DA93A1847 /* XCRemoteSwiftPackageReference "Kingfisher" */;
			productName = Kingfisher;
		};
		8FD63F852D27C8C3F1B1E413 /* FirebaseCrashlytics */ = {
			isa = XCSwiftPackageProductDependency;
			package = 7DB14D3DA568B8AB37D9903D /* XCRemoteSwiftPackageReference "firebase-ios-sdk" */;
			productName = FirebaseCrashlytics;
		};
		9F3102B1568F9AB8D59E57E3 /* FirebaseAuth */ = {
			isa = XCSwiftPackageProductDependency;
			package = 7DB14D3DA568B8AB37D9903D /* XCRemoteSwiftPackageReference "firebase-ios-sdk" */;
			productName = FirebaseAuth;
		};
		DC3CC638BF6882F70CFBE8BF /* Lottie */ = {
			isa = XCSwiftPackageProductDependency;
			package = 96B71D3BEF824D2C7CE203E2 /* XCRemoteSwiftPackageReference "lottie-ios" */;
			productName = Lottie;
		};
		F58F00A18E6D1D8EBC7A6FE1 /* LineSDK */ = {
			isa = XCSwiftPackageProductDependency;
			package = C3D9C9F4AA9173B01B89E3DE /* XCRemoteSwiftPackageReference "line-sdk-ios-swift" */;
			productName = LineSDK;
		};
/* End XCSwiftPackageProductDependency section */
	};
	rootObject = BA44D569A67ECDDCD44CC857 /* Project object */;
}
